// !$*UTF8*$!
{
	archiveVersion = 1;
	classes = {
	};
	objectVersion = 50;
	objects = {

/* Begin PBXBuildFile section */
		5991E01D24B666FA005A6BAA /* winners.json in Resources */ = {isa = PBXBuildFile; fileRef = 5991E01C24B666FA005A6BAA /* winners.json */; };
		A1B7DFC6211B1EB0000ABDFB /* AppDelegate.swift in Sources */ = {isa = PBXBuildFile; fileRef = A1B7DFC5211B1EB0000ABDFB /* AppDelegate.swift */; };
		A1B7DFCB211B1EB0000ABDFB /* Main.storyboard in Resources */ = {isa = PBXBuildFile; fileRef = A1B7DFC9211B1EB0000ABDFB /* Main.storyboard */; };
		A1B7DFCD211B1EB1000ABDFB /* Assets.xcassets in Resources */ = {isa = PBXBuildFile; fileRef = A1B7DFCC211B1EB1000ABDFB /* Assets.xcassets */; };
		A1B7DFD0211B1EB1000ABDFB /* LaunchScreen.storyboard in Resources */ = {isa = PBXBuildFile; fileRef = A1B7DFCE211B1EB1000ABDFB /* LaunchScreen.storyboard */; };
		A1B7E009211B1EFE000ABDFB /* Paraguai.png in Resources */ = {isa = PBXBuildFile; fileRef = A1B7DFD8211B1EF5000ABDFB /* Paraguai.png */; };
		A1B7E00A211B1EFE000ABDFB /* França.png in Resources */ = {isa = PBXBuildFile; fileRef = A1B7DFD9211B1EF5000ABDFB /* França.png */; };
		A1B7E00B211B1EFE000ABDFB /* Áustria.png in Resources */ = {isa = PBXBuildFile; fileRef = A1B7DFDA211B1EF5000ABDFB /* Áustria.png */; };
		A1B7E00C211B1EFE000ABDFB /* Alemanha.png in Resources */ = {isa = PBXBuildFile; fileRef = A1B7DFDB211B1EF5000ABDFB /* Alemanha.png */; };
		A1B7E00D211B1EFE000ABDFB /* Inglaterra.png in Resources */ = {isa = PBXBuildFile; fileRef = A1B7DFDC211B1EF5000ABDFB /* Inglaterra.png */; };
		A1B7E00E211B1EFE000ABDFB /* Brasil.png in Resources */ = {isa = PBXBuildFile; fileRef = A1B7DFDD211B1EF6000ABDFB /* Brasil.png */; };
		A1B7E00F211B1EFE000ABDFB /* República Tcheca.png in Resources */ = {isa = PBXBuildFile; fileRef = A1B7DFDE211B1EF6000ABDFB /* República Tcheca.png */; };
		A1B7E010211B1EFE000ABDFB /* México.png in Resources */ = {isa = PBXBuildFile; fileRef = A1B7DFDF211B1EF6000ABDFB /* México.png */; };
		A1B7E011211B1EFE000ABDFB /* Bélgica.png in Resources */ = {isa = PBXBuildFile; fileRef = A1B7DFE0211B1EF6000ABDFB /* Bélgica.png */; };
		A1B7E012211B1EFE000ABDFB /* Gana.png in Resources */ = {isa = PBXBuildFile; fileRef = A1B7DFE1211B1EF6000ABDFB /* Gana.png */; };
		A1B7E013211B1EFE000ABDFB /* Espanha.png in Resources */ = {isa = PBXBuildFile; fileRef = A1B7DFE2211B1EF6000ABDFB /* Espanha.png */; };
		A1B7E014211B1EFE000ABDFB /* Colômbia.png in Resources */ = {isa = PBXBuildFile; fileRef = A1B7DFE3211B1EF6000ABDFB /* Colômbia.png */; };
		A1B7E015211B1EFE000ABDFB /* Dinamarca.png in Resources */ = {isa = PBXBuildFile; fileRef = A1B7DFE4211B1EF7000ABDFB /* Dinamarca.png */; };
		A1B7E016211B1EFE000ABDFB /* Peru.png in Resources */ = {isa = PBXBuildFile; fileRef = A1B7DFE5211B1EF7000ABDFB /* Peru.png */; };
		A1B7E017211B1EFE000ABDFB /* Camarões.png in Resources */ = {isa = PBXBuildFile; fileRef = A1B7DFE6211B1EF7000ABDFB /* Camarões.png */; };
		A1B7E018211B1EFE000ABDFB /* Coréia do Sul.png in Resources */ = {isa = PBXBuildFile; fileRef = A1B7DFE7211B1EF7000ABDFB /* Coréia do Sul.png */; };
		A1B7E019211B1EFE000ABDFB /* China.png in Resources */ = {isa = PBXBuildFile; fileRef = A1B7DFE8211B1EF7000ABDFB /* China.png */; };
		A1B7E01A211B1EFE000ABDFB /* Chile.png in Resources */ = {isa = PBXBuildFile; fileRef = A1B7DFE9211B1EF7000ABDFB /* Chile.png */; };
		A1B7E01B211B1EFE000ABDFB /* Hungria.png in Resources */ = {isa = PBXBuildFile; fileRef = A1B7DFEA211B1EF8000ABDFB /* Hungria.png */; };
		A1B7E01C211B1EFE000ABDFB /* União Soviética.png in Resources */ = {isa = PBXBuildFile; fileRef = A1B7DFEB211B1EF8000ABDFB /* União Soviética.png */; };
		A1B7E01D211B1EFE000ABDFB /* Iugoslávia.png in Resources */ = {isa = PBXBuildFile; fileRef = A1B7DFEC211B1EF8000ABDFB /* Iugoslávia.png */; };
		A1B7E01E211B1EFE000ABDFB /* Itália.png in Resources */ = {isa = PBXBuildFile; fileRef = A1B7DFED211B1EF8000ABDFB /* Itália.png */; };
		A1B7E01F211B1EFE000ABDFB /* Rússia.png in Resources */ = {isa = PBXBuildFile; fileRef = A1B7DFEE211B1EF8000ABDFB /* Rússia.png */; };
		A1B7E020211B1EFE000ABDFB /* Suécia.png in Resources */ = {isa = PBXBuildFile; fileRef = A1B7DFEF211B1EF8000ABDFB /* Suécia.png */; };
		A1B7E021211B1EFE000ABDFB /* Portugal.png in Resources */ = {isa = PBXBuildFile; fileRef = A1B7DFF0211B1EF9000ABDFB /* Portugal.png */; };
		A1B7E022211B1EFE000ABDFB /* Croácia.png in Resources */ = {isa = PBXBuildFile; fileRef = A1B7DFF1211B1EF9000ABDFB /* Croácia.png */; };
		A1B7E023211B1EFE000ABDFB /* Argélia.png in Resources */ = {isa = PBXBuildFile; fileRef = A1B7DFF2211B1EF9000ABDFB /* Argélia.png */; };
		A1B7E024211B1EFE000ABDFB /* Arábia Saudita.png in Resources */ = {isa = PBXBuildFile; fileRef = A1B7DFF3211B1EF9000ABDFB /* Arábia Saudita.png */; };
		A1B7E025211B1EFE000ABDFB /* Bulgária.png in Resources */ = {isa = PBXBuildFile; fileRef = A1B7DFF4211B1EF9000ABDFB /* Bulgária.png */; };
		A1B7E026211B1EFE000ABDFB /* Emirados Árabes.png in Resources */ = {isa = PBXBuildFile; fileRef = A1B7DFF5211B1EFA000ABDFB /* Emirados Árabes.png */; };
		A1B7E027211B1EFE000ABDFB /* Suíça.png in Resources */ = {isa = PBXBuildFile; fileRef = A1B7DFF6211B1EFA000ABDFB /* Suíça.png */; };
		A1B7E028211B1EFE000ABDFB /* Tchecoslováquia.png in Resources */ = {isa = PBXBuildFile; fileRef = A1B7DFF7211B1EFA000ABDFB /* Tchecoslováquia.png */; };
		A1B7E029211B1EFE000ABDFB /* País de Gales.png in Resources */ = {isa = PBXBuildFile; fileRef = A1B7DFF8211B1EFA000ABDFB /* País de Gales.png */; };
		A1B7E02A211B1EFE000ABDFB /* Uruguai.png in Resources */ = {isa = PBXBuildFile; fileRef = A1B7DFF9211B1EFA000ABDFB /* Uruguai.png */; };
		A1B7E02B211B1EFE000ABDFB /* Austrália.png in Resources */ = {isa = PBXBuildFile; fileRef = A1B7DFFA211B1EFB000ABDFB /* Austrália.png */; };
		A1B7E02C211B1EFE000ABDFB /* Argentina.png in Resources */ = {isa = PBXBuildFile; fileRef = A1B7DFFB211B1EFB000ABDFB /* Argentina.png */; };
		A1B7E02D211B1EFE000ABDFB /* Romênia.png in Resources */ = {isa = PBXBuildFile; fileRef = A1B7DFFC211B1EFB000ABDFB /* Romênia.png */; };
		A1B7E02E211B1EFE000ABDFB /* Holanda.png in Resources */ = {isa = PBXBuildFile; fileRef = A1B7DFFD211B1EFB000ABDFB /* Holanda.png */; };
		A1B7E02F211B1EFE000ABDFB /* Bolívia.png in Resources */ = {isa = PBXBuildFile; fileRef = A1B7DFFE211B1EFC000ABDFB /* Bolívia.png */; };
		A1B7E030211B1EFE000ABDFB /* Alemanha Oriental.png in Resources */ = {isa = PBXBuildFile; fileRef = A1B7DFFF211B1EFC000ABDFB /* Alemanha Oriental.png */; };
		A1B7E031211B1EFF000ABDFB /* Estados Unidos.png in Resources */ = {isa = PBXBuildFile; fileRef = A1B7E000211B1EFC000ABDFB /* Estados Unidos.png */; };
		A1B7E032211B1EFF000ABDFB /* Polônia.png in Resources */ = {isa = PBXBuildFile; fileRef = A1B7E001211B1EFC000ABDFB /* Polônia.png */; };
		A1B7E033211B1EFF000ABDFB /* Ucrânia.png in Resources */ = {isa = PBXBuildFile; fileRef = A1B7E002211B1EFC000ABDFB /* Ucrânia.png */; };
		A1B7E034211B1EFF000ABDFB /* Alemanha Ocidental.png in Resources */ = {isa = PBXBuildFile; fileRef = A1B7E003211B1EFD000ABDFB /* Alemanha Ocidental.png */; };
		A1B7E035211B1EFF000ABDFB /* África do Sul.png in Resources */ = {isa = PBXBuildFile; fileRef = A1B7E004211B1EFD000ABDFB /* África do Sul.png */; };
		A1B7E036211B1EFF000ABDFB /* Noruega.png in Resources */ = {isa = PBXBuildFile; fileRef = A1B7E005211B1EFD000ABDFB /* Noruega.png */; };
		A1B7E037211B1EFF000ABDFB /* Honduras.png in Resources */ = {isa = PBXBuildFile; fileRef = A1B7E006211B1EFD000ABDFB /* Honduras.png */; };
		A1B7E038211B1EFF000ABDFB /* Costa Rica.png in Resources */ = {isa = PBXBuildFile; fileRef = A1B7E007211B1EFE000ABDFB /* Costa Rica.png */; };
		A1B7E039211B1EFF000ABDFB /* Turquia.png in Resources */ = {isa = PBXBuildFile; fileRef = A1B7E008211B1EFE000ABDFB /* Turquia.png */; };
		A1B7E03E211B20B8000ABDFB /* WinnersTableViewController.swift in Sources */ = {isa = PBXBuildFile; fileRef = A1B7E03D211B20B8000ABDFB /* WinnersTableViewController.swift */; };
		A1B7E041211B20DD000ABDFB /* WorldCupViewController.swift in Sources */ = {isa = PBXBuildFile; fileRef = A1B7E040211B20DD000ABDFB /* WorldCupViewController.swift */; };
		A1B7E043211B2107000ABDFB /* WorldCup.swift in Sources */ = {isa = PBXBuildFile; fileRef = A1B7E042211B2107000ABDFB /* WorldCup.swift */; };
		A1B7E046211B381D000ABDFB /* WorldCupTableViewCell.swift in Sources */ = {isa = PBXBuildFile; fileRef = A1B7E045211B381D000ABDFB /* WorldCupTableViewCell.swift */; };
		A1B7E048211B5A32000ABDFB /* GamesTableViewCell.swift in Sources */ = {isa = PBXBuildFile; fileRef = A1B7E047211B5A32000ABDFB /* GamesTableViewCell.swift */; };
/* End PBXBuildFile section */

/* Begin PBXFileReference section */
		5991E01C24B666FA005A6BAA /* winners.json */ = {isa = PBXFileReference; fileEncoding = 4; lastKnownFileType = text.json; path = winners.json; sourceTree = "<group>"; };
		A1B7DFC2211B1EB0000ABDFB /* CampeosDaCopa.app */ = {isa = PBXFileReference; explicitFileType = wrapper.application; includeInIndex = 0; path = CampeosDaCopa.app; sourceTree = BUILT_PRODUCTS_DIR; };
		A1B7DFC5211B1EB0000ABDFB /* AppDelegate.swift */ = {isa = PBXFileReference; lastKnownFileType = sourcecode.swift; path = AppDelegate.swift; sourceTree = "<group>"; };
		A1B7DFCA211B1EB0000ABDFB /* Base */ = {isa = PBXFileReference; lastKnownFileType = file.storyboard; name = Base; path = Base.lproj/Main.storyboard; sourceTree = "<group>"; };
		A1B7DFCC211B1EB1000ABDFB /* Assets.xcassets */ = {isa = PBXFileReference; lastKnownFileType = folder.assetcatalog; path = Assets.xcassets; sourceTree = "<group>"; };
		A1B7DFCF211B1EB1000ABDFB /* Base */ = {isa = PBXFileReference; lastKnownFileType = file.storyboard; name = Base; path = Base.lproj/LaunchScreen.storyboard; sourceTree = "<group>"; };
		A1B7DFD1211B1EB1000ABDFB /* Info.plist */ = {isa = PBXFileReference; lastKnownFileType = text.plist.xml; path = Info.plist; sourceTree = "<group>"; };
		A1B7DFD8211B1EF5000ABDFB /* Paraguai.png */ = {isa = PBXFileReference; lastKnownFileType = image.png; path = Paraguai.png; sourceTree = "<group>"; };
		A1B7DFD9211B1EF5000ABDFB /* França.png */ = {isa = PBXFileReference; lastKnownFileType = image.png; path = "França.png"; sourceTree = "<group>"; };
		A1B7DFDA211B1EF5000ABDFB /* Áustria.png */ = {isa = PBXFileReference; lastKnownFileType = image.png; path = "Áustria.png"; sourceTree = "<group>"; };
		A1B7DFDB211B1EF5000ABDFB /* Alemanha.png */ = {isa = PBXFileReference; lastKnownFileType = image.png; path = Alemanha.png; sourceTree = "<group>"; };
		A1B7DFDC211B1EF5000ABDFB /* Inglaterra.png */ = {isa = PBXFileReference; lastKnownFileType = image.png; path = Inglaterra.png; sourceTree = "<group>"; };
		A1B7DFDD211B1EF6000ABDFB /* Brasil.png */ = {isa = PBXFileReference; lastKnownFileType = image.png; path = Brasil.png; sourceTree = "<group>"; };
		A1B7DFDE211B1EF6000ABDFB /* República Tcheca.png */ = {isa = PBXFileReference; lastKnownFileType = image.png; path = "República Tcheca.png"; sourceTree = "<group>"; };
		A1B7DFDF211B1EF6000ABDFB /* México.png */ = {isa = PBXFileReference; lastKnownFileType = image.png; path = "México.png"; sourceTree = "<group>"; };
		A1B7DFE0211B1EF6000ABDFB /* Bélgica.png */ = {isa = PBXFileReference; lastKnownFileType = image.png; path = "Bélgica.png"; sourceTree = "<group>"; };
		A1B7DFE1211B1EF6000ABDFB /* Gana.png */ = {isa = PBXFileReference; lastKnownFileType = image.png; path = Gana.png; sourceTree = "<group>"; };
		A1B7DFE2211B1EF6000ABDFB /* Espanha.png */ = {isa = PBXFileReference; lastKnownFileType = image.png; path = Espanha.png; sourceTree = "<group>"; };
		A1B7DFE3211B1EF6000ABDFB /* Colômbia.png */ = {isa = PBXFileReference; lastKnownFileType = image.png; path = "Colômbia.png"; sourceTree = "<group>"; };
		A1B7DFE4211B1EF7000ABDFB /* Dinamarca.png */ = {isa = PBXFileReference; lastKnownFileType = image.png; path = Dinamarca.png; sourceTree = "<group>"; };
		A1B7DFE5211B1EF7000ABDFB /* Peru.png */ = {isa = PBXFileReference; lastKnownFileType = image.png; path = Peru.png; sourceTree = "<group>"; };
		A1B7DFE6211B1EF7000ABDFB /* Camarões.png */ = {isa = PBXFileReference; lastKnownFileType = image.png; path = "Camarões.png"; sourceTree = "<group>"; };
		A1B7DFE7211B1EF7000ABDFB /* Coréia do Sul.png */ = {isa = PBXFileReference; lastKnownFileType = image.png; path = "Coréia do Sul.png"; sourceTree = "<group>"; };
		A1B7DFE8211B1EF7000ABDFB /* China.png */ = {isa = PBXFileReference; lastKnownFileType = image.png; path = China.png; sourceTree = "<group>"; };
		A1B7DFE9211B1EF7000ABDFB /* Chile.png */ = {isa = PBXFileReference; lastKnownFileType = image.png; path = Chile.png; sourceTree = "<group>"; };
		A1B7DFEA211B1EF8000ABDFB /* Hungria.png */ = {isa = PBXFileReference; lastKnownFileType = image.png; path = Hungria.png; sourceTree = "<group>"; };
		A1B7DFEB211B1EF8000ABDFB /* União Soviética.png */ = {isa = PBXFileReference; lastKnownFileType = image.png; path = "União Soviética.png"; sourceTree = "<group>"; };
		A1B7DFEC211B1EF8000ABDFB /* Iugoslávia.png */ = {isa = PBXFileReference; lastKnownFileType = image.png; path = "Iugoslávia.png"; sourceTree = "<group>"; };
		A1B7DFED211B1EF8000ABDFB /* Itália.png */ = {isa = PBXFileReference; lastKnownFileType = image.png; path = "Itália.png"; sourceTree = "<group>"; };
		A1B7DFEE211B1EF8000ABDFB /* Rússia.png */ = {isa = PBXFileReference; lastKnownFileType = image.png; path = "Rússia.png"; sourceTree = "<group>"; };
		A1B7DFEF211B1EF8000ABDFB /* Suécia.png */ = {isa = PBXFileReference; lastKnownFileType = image.png; path = "Suécia.png"; sourceTree = "<group>"; };
		A1B7DFF0211B1EF9000ABDFB /* Portugal.png */ = {isa = PBXFileReference; lastKnownFileType = image.png; path = Portugal.png; sourceTree = "<group>"; };
		A1B7DFF1211B1EF9000ABDFB /* Croácia.png */ = {isa = PBXFileReference; lastKnownFileType = image.png; path = "Croácia.png"; sourceTree = "<group>"; };
		A1B7DFF2211B1EF9000ABDFB /* Argélia.png */ = {isa = PBXFileReference; lastKnownFileType = image.png; path = "Argélia.png"; sourceTree = "<group>"; };
		A1B7DFF3211B1EF9000ABDFB /* Arábia Saudita.png */ = {isa = PBXFileReference; lastKnownFileType = image.png; path = "Arábia Saudita.png"; sourceTree = "<group>"; };
		A1B7DFF4211B1EF9000ABDFB /* Bulgária.png */ = {isa = PBXFileReference; lastKnownFileType = image.png; path = "Bulgária.png"; sourceTree = "<group>"; };
		A1B7DFF5211B1EFA000ABDFB /* Emirados Árabes.png */ = {isa = PBXFileReference; lastKnownFileType = image.png; path = "Emirados Árabes.png"; sourceTree = "<group>"; };
		A1B7DFF6211B1EFA000ABDFB /* Suíça.png */ = {isa = PBXFileReference; lastKnownFileType = image.png; path = "Suíça.png"; sourceTree = "<group>"; };
		A1B7DFF7211B1EFA000ABDFB /* Tchecoslováquia.png */ = {isa = PBXFileReference; lastKnownFileType = image.png; path = "Tchecoslováquia.png"; sourceTree = "<group>"; };
		A1B7DFF8211B1EFA000ABDFB /* País de Gales.png */ = {isa = PBXFileReference; lastKnownFileType = image.png; path = "País de Gales.png"; sourceTree = "<group>"; };
		A1B7DFF9211B1EFA000ABDFB /* Uruguai.png */ = {isa = PBXFileReference; lastKnownFileType = image.png; path = Uruguai.png; sourceTree = "<group>"; };
		A1B7DFFA211B1EFB000ABDFB /* Austrália.png */ = {isa = PBXFileReference; lastKnownFileType = image.png; path = "Austrália.png"; sourceTree = "<group>"; };
		A1B7DFFB211B1EFB000ABDFB /* Argentina.png */ = {isa = PBXFileReference; lastKnownFileType = image.png; path = Argentina.png; sourceTree = "<group>"; };
		A1B7DFFC211B1EFB000ABDFB /* Romênia.png */ = {isa = PBXFileReference; lastKnownFileType = image.png; path = "Romênia.png"; sourceTree = "<group>"; };
		A1B7DFFD211B1EFB000ABDFB /* Holanda.png */ = {isa = PBXFileReference; lastKnownFileType = image.png; path = Holanda.png; sourceTree = "<group>"; };
		A1B7DFFE211B1EFC000ABDFB /* Bolívia.png */ = {isa = PBXFileReference; lastKnownFileType = image.png; path = "Bolívia.png"; sourceTree = "<group>"; };
		A1B7DFFF211B1EFC000ABDFB /* Alemanha Oriental.png */ = {isa = PBXFileReference; lastKnownFileType = image.png; path = "Alemanha Oriental.png"; sourceTree = "<group>"; };
		A1B7E000211B1EFC000ABDFB /* Estados Unidos.png */ = {isa = PBXFileReference; lastKnownFileType = image.png; path = "Estados Unidos.png"; sourceTree = "<group>"; };
		A1B7E001211B1EFC000ABDFB /* Polônia.png */ = {isa = PBXFileReference; lastKnownFileType = image.png; path = "Polônia.png"; sourceTree = "<group>"; };
		A1B7E002211B1EFC000ABDFB /* Ucrânia.png */ = {isa = PBXFileReference; lastKnownFileType = image.png; path = "Ucrânia.png"; sourceTree = "<group>"; };
		A1B7E003211B1EFD000ABDFB /* Alemanha Ocidental.png */ = {isa = PBXFileReference; lastKnownFileType = image.png; path = "Alemanha Ocidental.png"; sourceTree = "<group>"; };
		A1B7E004211B1EFD000ABDFB /* África do Sul.png */ = {isa = PBXFileReference; lastKnownFileType = image.png; path = "África do Sul.png"; sourceTree = "<group>"; };
		A1B7E005211B1EFD000ABDFB /* Noruega.png */ = {isa = PBXFileReference; lastKnownFileType = image.png; path = Noruega.png; sourceTree = "<group>"; };
		A1B7E006211B1EFD000ABDFB /* Honduras.png */ = {isa = PBXFileReference; lastKnownFileType = image.png; path = Honduras.png; sourceTree = "<group>"; };
		A1B7E007211B1EFE000ABDFB /* Costa Rica.png */ = {isa = PBXFileReference; lastKnownFileType = image.png; path = "Costa Rica.png"; sourceTree = "<group>"; };
		A1B7E008211B1EFE000ABDFB /* Turquia.png */ = {isa = PBXFileReference; lastKnownFileType = image.png; path = Turquia.png; sourceTree = "<group>"; };
		A1B7E03D211B20B8000ABDFB /* WinnersTableViewController.swift */ = {isa = PBXFileReference; lastKnownFileType = sourcecode.swift; path = WinnersTableViewController.swift; sourceTree = "<group>"; };
		A1B7E040211B20DD000ABDFB /* WorldCupViewController.swift */ = {isa = PBXFileReference; lastKnownFileType = sourcecode.swift; path = WorldCupViewController.swift; sourceTree = "<group>"; };
		A1B7E042211B2107000ABDFB /* WorldCup.swift */ = {isa = PBXFileReference; lastKnownFileType = sourcecode.swift; path = WorldCup.swift; sourceTree = "<group>"; };
		A1B7E045211B381D000ABDFB /* WorldCupTableViewCell.swift */ = {isa = PBXFileReference; lastKnownFileType = sourcecode.swift; path = WorldCupTableViewCell.swift; sourceTree = "<group>"; };
		A1B7E047211B5A32000ABDFB /* GamesTableViewCell.swift */ = {isa = PBXFileReference; lastKnownFileType = sourcecode.swift; path = GamesTableViewCell.swift; sourceTree = "<group>"; };
/* End PBXFileReference section */

/* Begin PBXFrameworksBuildPhase section */
		A1B7DFBF211B1EB0000ABDFB /* Frameworks */ = {
			isa = PBXFrameworksBuildPhase;
			buildActionMask = 2147483647;
			files = (
			);
			runOnlyForDeploymentPostprocessing = 0;
		};
/* End PBXFrameworksBuildPhase section */

/* Begin PBXGroup section */
		A1B7DFB9211B1EB0000ABDFB = {
			isa = PBXGroup;
			children = (
				A1B7DFC4211B1EB0000ABDFB /* CampeosDaCopa */,
				A1B7DFC3211B1EB0000ABDFB /* Products */,
			);
			sourceTree = "<group>";
		};
		A1B7DFC3211B1EB0000ABDFB /* Products */ = {
			isa = PBXGroup;
			children = (
				A1B7DFC2211B1EB0000ABDFB /* CampeosDaCopa.app */,
			);
			name = Products;
			sourceTree = "<group>";
		};
		A1B7DFC4211B1EB0000ABDFB /* CampeosDaCopa */ = {
			isa = PBXGroup;
			children = (
				A1B7DFC5211B1EB0000ABDFB /* AppDelegate.swift */,
				A1B7E03C211B208A000ABDFB /* Views */,
				A1B7E044211B210A000ABDFB /* Models */,
				A1B7E03F211B20C2000ABDFB /* Controllers */,
				A1B7DFD7211B1EDC000ABDFB /* Files */,
				A1B7DFCC211B1EB1000ABDFB /* Assets.xcassets */,
				A1B7DFD1211B1EB1000ABDFB /* Info.plist */,
			);
			path = CampeosDaCopa;
			sourceTree = "<group>";
		};
		A1B7DFD7211B1EDC000ABDFB /* Files */ = {
			isa = PBXGroup;
			children = (
				5991E01C24B666FA005A6BAA /* winners.json */,
				A1B7E004211B1EFD000ABDFB /* África do Sul.png */,
				A1B7E003211B1EFD000ABDFB /* Alemanha Ocidental.png */,
				A1B7DFFF211B1EFC000ABDFB /* Alemanha Oriental.png */,
				A1B7DFDB211B1EF5000ABDFB /* Alemanha.png */,
				A1B7DFF3211B1EF9000ABDFB /* Arábia Saudita.png */,
				A1B7DFF2211B1EF9000ABDFB /* Argélia.png */,
				A1B7DFFB211B1EFB000ABDFB /* Argentina.png */,
				A1B7DFFA211B1EFB000ABDFB /* Austrália.png */,
				A1B7DFDA211B1EF5000ABDFB /* Áustria.png */,
				A1B7DFE0211B1EF6000ABDFB /* Bélgica.png */,
				A1B7DFFE211B1EFC000ABDFB /* Bolívia.png */,
				A1B7DFDD211B1EF6000ABDFB /* Brasil.png */,
				A1B7DFF4211B1EF9000ABDFB /* Bulgária.png */,
				A1B7DFE6211B1EF7000ABDFB /* Camarões.png */,
				A1B7DFE9211B1EF7000ABDFB /* Chile.png */,
				A1B7DFE8211B1EF7000ABDFB /* China.png */,
				A1B7DFE3211B1EF6000ABDFB /* Colômbia.png */,
				A1B7DFE7211B1EF7000ABDFB /* Coréia do Sul.png */,
				A1B7E007211B1EFE000ABDFB /* Costa Rica.png */,
				A1B7DFF1211B1EF9000ABDFB /* Croácia.png */,
				A1B7DFE4211B1EF7000ABDFB /* Dinamarca.png */,
				A1B7DFF5211B1EFA000ABDFB /* Emirados Árabes.png */,
				A1B7DFE2211B1EF6000ABDFB /* Espanha.png */,
				A1B7E000211B1EFC000ABDFB /* Estados Unidos.png */,
				A1B7DFD9211B1EF5000ABDFB /* França.png */,
				A1B7DFE1211B1EF6000ABDFB /* Gana.png */,
				A1B7DFFD211B1EFB000ABDFB /* Holanda.png */,
				A1B7E006211B1EFD000ABDFB /* Honduras.png */,
				A1B7DFEA211B1EF8000ABDFB /* Hungria.png */,
				A1B7DFDC211B1EF5000ABDFB /* Inglaterra.png */,
				A1B7DFED211B1EF8000ABDFB /* Itália.png */,
				A1B7DFEC211B1EF8000ABDFB /* Iugoslávia.png */,
				A1B7DFDF211B1EF6000ABDFB /* México.png */,
				A1B7E005211B1EFD000ABDFB /* Noruega.png */,
				A1B7DFF8211B1EFA000ABDFB /* País de Gales.png */,
				A1B7DFD8211B1EF5000ABDFB /* Paraguai.png */,
				A1B7DFE5211B1EF7000ABDFB /* Peru.png */,
				A1B7E001211B1EFC000ABDFB /* Polônia.png */,
				A1B7DFF0211B1EF9000ABDFB /* Portugal.png */,
				A1B7DFDE211B1EF6000ABDFB /* República Tcheca.png */,
				A1B7DFFC211B1EFB000ABDFB /* Romênia.png */,
				A1B7DFEE211B1EF8000ABDFB /* Rússia.png */,
				A1B7DFEF211B1EF8000ABDFB /* Suécia.png */,
				A1B7DFF6211B1EFA000ABDFB /* Suíça.png */,
				A1B7DFF7211B1EFA000ABDFB /* Tchecoslováquia.png */,
				A1B7E008211B1EFE000ABDFB /* Turquia.png */,
				A1B7E002211B1EFC000ABDFB /* Ucrânia.png */,
				A1B7DFEB211B1EF8000ABDFB /* União Soviética.png */,
				A1B7DFF9211B1EFA000ABDFB /* Uruguai.png */,
			);
			path = Files;
			sourceTree = "<group>";
		};
		A1B7E03C211B208A000ABDFB /* Views */ = {
			isa = PBXGroup;
			children = (
				A1B7DFC9211B1EB0000ABDFB /* Main.storyboard */,
				A1B7DFCE211B1EB1000ABDFB /* LaunchScreen.storyboard */,
			);
			path = Views;
			sourceTree = "<group>";
		};
		A1B7E03F211B20C2000ABDFB /* Controllers */ = {
			isa = PBXGroup;
			children = (
				A1B7E047211B5A32000ABDFB /* GamesTableViewCell.swift */,
				A1B7E03D211B20B8000ABDFB /* WinnersTableViewController.swift */,
				A1B7E040211B20DD000ABDFB /* WorldCupViewController.swift */,
				A1B7E045211B381D000ABDFB /* WorldCupTableViewCell.swift */,
			);
			path = Controllers;
			sourceTree = "<group>";
		};
		A1B7E044211B210A000ABDFB /* Models */ = {
			isa = PBXGroup;
			children = (
				A1B7E042211B2107000ABDFB /* WorldCup.swift */,
			);
			path = Models;
			sourceTree = "<group>";
		};
/* End PBXGroup section */

/* Begin PBXNativeTarget section */
		A1B7DFC1211B1EB0000ABDFB /* CampeosDaCopa */ = {
			isa = PBXNativeTarget;
			buildConfigurationList = A1B7DFD4211B1EB1000ABDFB /* Build configuration list for PBXNativeTarget "CampeosDaCopa" */;
			buildPhases = (
				A1B7DFBE211B1EB0000ABDFB /* Sources */,
				A1B7DFBF211B1EB0000ABDFB /* Frameworks */,
				A1B7DFC0211B1EB0000ABDFB /* Resources */,
			);
			buildRules = (
			);
			dependencies = (
			);
			name = CampeosDaCopa;
			productName = CampeosDaCopa;
			productReference = A1B7DFC2211B1EB0000ABDFB /* CampeosDaCopa.app */;
			productType = "com.apple.product-type.application";
		};
/* End PBXNativeTarget section */

/* Begin PBXProject section */
		A1B7DFBA211B1EB0000ABDFB /* Project object */ = {
			isa = PBXProject;
			attributes = {
				LastSwiftUpdateCheck = 0940;
				LastUpgradeCheck = 0940;
				ORGANIZATIONNAME = Exatron;
				TargetAttributes = {
					A1B7DFC1211B1EB0000ABDFB = {
						CreatedOnToolsVersion = 9.4.1;
					};
				};
			};
			buildConfigurationList = A1B7DFBD211B1EB0000ABDFB /* Build configuration list for PBXProject "CampeosDaCopa" */;
			compatibilityVersion = "Xcode 9.3";
			developmentRegion = en;
			hasScannedForEncodings = 0;
			knownRegions = (
				en,
				Base,
			);
			mainGroup = A1B7DFB9211B1EB0000ABDFB;
			productRefGroup = A1B7DFC3211B1EB0000ABDFB /* Products */;
			projectDirPath = "";
			projectRoot = "";
			targets = (
				A1B7DFC1211B1EB0000ABDFB /* CampeosDaCopa */,
			);
		};
/* End PBXProject section */

/* Begin PBXResourcesBuildPhase section */
		A1B7DFC0211B1EB0000ABDFB /* Resources */ = {
			isa = PBXResourcesBuildPhase;
			buildActionMask = 2147483647;
			files = (
				A1B7E01F211B1EFE000ABDFB /* Rússia.png in Resources */,
				A1B7E021211B1EFE000ABDFB /* Portugal.png in Resources */,
				A1B7E02A211B1EFE000ABDFB /* Uruguai.png in Resources */,
				A1B7E01B211B1EFE000ABDFB /* Hungria.png in Resources */,
				A1B7E015211B1EFE000ABDFB /* Dinamarca.png in Resources */,
				A1B7E038211B1EFF000ABDFB /* Costa Rica.png in Resources */,
				A1B7DFD0211B1EB1000ABDFB /* LaunchScreen.storyboard in Resources */,
				A1B7E02C211B1EFE000ABDFB /* Argentina.png in Resources */,
				A1B7E010211B1EFE000ABDFB /* México.png in Resources */,
				A1B7E019211B1EFE000ABDFB /* China.png in Resources */,
				A1B7E01C211B1EFE000ABDFB /* União Soviética.png in Resources */,
				A1B7E025211B1EFE000ABDFB /* Bulgária.png in Resources */,
				A1B7E00A211B1EFE000ABDFB /* França.png in Resources */,
				A1B7E01D211B1EFE000ABDFB /* Iugoslávia.png in Resources */,
				A1B7E037211B1EFF000ABDFB /* Honduras.png in Resources */,
				A1B7E020211B1EFE000ABDFB /* Suécia.png in Resources */,
				A1B7E031211B1EFF000ABDFB /* Estados Unidos.png in Resources */,
				A1B7E018211B1EFE000ABDFB /* Coréia do Sul.png in Resources */,
				A1B7E011211B1EFE000ABDFB /* Bélgica.png in Resources */,
				A1B7E030211B1EFE000ABDFB /* Alemanha Oriental.png in Resources */,
				A1B7E00D211B1EFE000ABDFB /* Inglaterra.png in Resources */,
				A1B7E035211B1EFF000ABDFB /* África do Sul.png in Resources */,
				A1B7E009211B1EFE000ABDFB /* Paraguai.png in Resources */,
				A1B7DFCD211B1EB1000ABDFB /* Assets.xcassets in Resources */,
				A1B7E02E211B1EFE000ABDFB /* Holanda.png in Resources */,
				A1B7E01A211B1EFE000ABDFB /* Chile.png in Resources */,
				A1B7E02D211B1EFE000ABDFB /* Romênia.png in Resources */,
				A1B7E024211B1EFE000ABDFB /* Arábia Saudita.png in Resources */,
				A1B7E017211B1EFE000ABDFB /* Camarões.png in Resources */,
				A1B7E033211B1EFF000ABDFB /* Ucrânia.png in Resources */,
				A1B7E02F211B1EFE000ABDFB /* Bolívia.png in Resources */,
				A1B7E029211B1EFE000ABDFB /* País de Gales.png in Resources */,
				A1B7E012211B1EFE000ABDFB /* Gana.png in Resources */,
				A1B7E00C211B1EFE000ABDFB /* Alemanha.png in Resources */,
				A1B7E00E211B1EFE000ABDFB /* Brasil.png in Resources */,
				A1B7DFCB211B1EB0000ABDFB /* Main.storyboard in Resources */,
				A1B7E036211B1EFF000ABDFB /* Noruega.png in Resources */,
				A1B7E022211B1EFE000ABDFB /* Croácia.png in Resources */,
				A1B7E028211B1EFE000ABDFB /* Tchecoslováquia.png in Resources */,
				A1B7E027211B1EFE000ABDFB /* Suíça.png in Resources */,
				A1B7E034211B1EFF000ABDFB /* Alemanha Ocidental.png in Resources */,
				A1B7E039211B1EFF000ABDFB /* Turquia.png in Resources */,
				A1B7E026211B1EFE000ABDFB /* Emirados Árabes.png in Resources */,
				A1B7E00F211B1EFE000ABDFB /* República Tcheca.png in Resources */,
				A1B7E013211B1EFE000ABDFB /* Espanha.png in Resources */,
				A1B7E014211B1EFE000ABDFB /* Colômbia.png in Resources */,
				A1B7E016211B1EFE000ABDFB /* Peru.png in Resources */,
				5991E01D24B666FA005A6BAA /* winners.json in Resources */,
				A1B7E00B211B1EFE000ABDFB /* Áustria.png in Resources */,
				A1B7E01E211B1EFE000ABDFB /* Itália.png in Resources */,
				A1B7E02B211B1EFE000ABDFB /* Austrália.png in Resources */,
				A1B7E032211B1EFF000ABDFB /* Polônia.png in Resources */,
				A1B7E023211B1EFE000ABDFB /* Argélia.png in Resources */,
			);
			runOnlyForDeploymentPostprocessing = 0;
		};
/* End PBXResourcesBuildPhase section */

/* Begin PBXSourcesBuildPhase section */
		A1B7DFBE211B1EB0000ABDFB /* Sources */ = {
			isa = PBXSourcesBuildPhase;
			buildActionMask = 2147483647;
			files = (
				A1B7E03E211B20B8000ABDFB /* WinnersTableViewController.swift in Sources */,
				A1B7E048211B5A32000ABDFB /* GamesTableViewCell.swift in Sources */,
				A1B7E043211B2107000ABDFB /* WorldCup.swift in Sources */,
				A1B7E046211B381D000ABDFB /* WorldCupTableViewCell.swift in Sources */,
				A1B7DFC6211B1EB0000ABDFB /* AppDelegate.swift in Sources */,
				A1B7E041211B20DD000ABDFB /* WorldCupViewController.swift in Sources */,
			);
			runOnlyForDeploymentPostprocessing = 0;
		};
/* End PBXSourcesBuildPhase section */

/* Begin PBXVariantGroup section */
		A1B7DFC9211B1EB0000ABDFB /* Main.storyboard */ = {
			isa = PBXVariantGroup;
			children = (
				A1B7DFCA211B1EB0000ABDFB /* Base */,
			);
			name = Main.storyboard;
			sourceTree = "<group>";
		};
		A1B7DFCE211B1EB1000ABDFB /* LaunchScreen.storyboard */ = {
			isa = PBXVariantGroup;
			children = (
				A1B7DFCF211B1EB1000ABDFB /* Base */,
			);
			name = LaunchScreen.storyboard;
			sourceTree = "<group>";
		};
/* End PBXVariantGroup section */

/* Begin XCBuildConfiguration section */
		A1B7DFD2211B1EB1000ABDFB /* Debug */ = {
			isa = XCBuildConfiguration;
			buildSettings = {
				ALWAYS_SEARCH_USER_PATHS = NO;
				CLANG_ANALYZER_NONNULL = YES;
				CLANG_ANALYZER_NUMBER_OBJECT_CONVERSION = YES_AGGRESSIVE;
				CLANG_CXX_LANGUAGE_STANDARD = "gnu++14";
				CLANG_CXX_LIBRARY = "libc++";
				CLANG_ENABLE_MODULES = YES;
				CLANG_ENABLE_OBJC_ARC = YES;
				CLANG_ENABLE_OBJC_WEAK = YES;
				CLANG_WARN_BLOCK_CAPTURE_AUTORELEASING = YES;
				CLANG_WARN_BOOL_CONVERSION = YES;
				CLANG_WARN_COMMA = YES;
				CLANG_WARN_CONSTANT_CONVERSION = YES;
				CLANG_WARN_DEPRECATED_OBJC_IMPLEMENTATIONS = YES;
				CLANG_WARN_DIRECT_OBJC_ISA_USAGE = YES_ERROR;
				CLANG_WARN_DOCUMENTATION_COMMENTS = YES;
				CLANG_WARN_EMPTY_BODY = YES;
				CLANG_WARN_ENUM_CONVERSION = YES;
				CLANG_WARN_INFINITE_RECURSION = YES;
				CLANG_WARN_INT_CONVERSION = YES;
				CLANG_WARN_NON_LITERAL_NULL_CONVERSION = YES;
				CLANG_WARN_OBJC_IMPLICIT_RETAIN_SELF = YES;
				CLANG_WARN_OBJC_LITERAL_CONVERSION = YES;
				CLANG_WARN_OBJC_ROOT_CLASS = YES_ERROR;
				CLANG_WARN_RANGE_LOOP_ANALYSIS = YES;
				CLANG_WARN_STRICT_PROTOTYPES = YES;
				CLANG_WARN_SUSPICIOUS_MOVE = YES;
				CLANG_WARN_UNGUARDED_AVAILABILITY = YES_AGGRESSIVE;
				CLANG_WARN_UNREACHABLE_CODE = YES;
				CLANG_WARN__DUPLICATE_METHOD_MATCH = YES;
				CODE_SIGN_IDENTITY = "iPhone Developer";
				COPY_PHASE_STRIP = NO;
				DEBUG_INFORMATION_FORMAT = dwarf;
				ENABLE_STRICT_OBJC_MSGSEND = YES;
				ENABLE_TESTABILITY = YES;
				GCC_C_LANGUAGE_STANDARD = gnu11;
				GCC_DYNAMIC_NO_PIC = NO;
				GCC_NO_COMMON_BLOCKS = YES;
				GCC_OPTIMIZATION_LEVEL = 0;
				GCC_PREPROCESSOR_DEFINITIONS = (
					"DEBUG=1",
					"$(inherited)",
				);
				GCC_WARN_64_TO_32_BIT_CONVERSION = YES;
				GCC_WARN_ABOUT_RETURN_TYPE = YES_ERROR;
				GCC_WARN_UNDECLARED_SELECTOR = YES;
				GCC_WARN_UNINITIALIZED_AUTOS = YES_AGGRESSIVE;
				GCC_WARN_UNUSED_FUNCTION = YES;
				GCC_WARN_UNUSED_VARIABLE = YES;
				IPHONEOS_DEPLOYMENT_TARGET = 11.4;
				MTL_ENABLE_DEBUG_INFO = YES;
				ONLY_ACTIVE_ARCH = YES;
				SDKROOT = iphoneos;
				SWIFT_ACTIVE_COMPILATION_CONDITIONS = DEBUG;
				SWIFT_OPTIMIZATION_LEVEL = "-Onone";
			};
			name = Debug;
		};
		A1B7DFD3211B1EB1000ABDFB /* Release */ = {
			isa = XCBuildConfiguration;
			buildSettings = {
				ALWAYS_SEARCH_USER_PATHS = NO;
				CLANG_ANALYZER_NONNULL = YES;
				CLANG_ANALYZER_NUMBER_OBJECT_CONVERSION = YES_AGGRESSIVE;
				CLANG_CXX_LANGUAGE_STANDARD = "gnu++14";
				CLANG_CXX_LIBRARY = "libc++";
				CLANG_ENABLE_MODULES = YES;
				CLANG_ENABLE_OBJC_ARC = YES;
				CLANG_ENABLE_OBJC_WEAK = YES;
				CLANG_WARN_BLOCK_CAPTURE_AUTORELEASING = YES;
				CLANG_WARN_BOOL_CONVERSION = YES;
				CLANG_WARN_COMMA = YES;
				CLANG_WARN_CONSTANT_CONVERSION = YES;
				CLANG_WARN_DEPRECATED_OBJC_IMPLEMENTATIONS = YES;
				CLANG_WARN_DIRECT_OBJC_ISA_USAGE = YES_ERROR;
				CLANG_WARN_DOCUMENTATION_COMMENTS = YES;
				CLANG_WARN_EMPTY_BODY = YES;
				CLANG_WARN_ENUM_CONVERSION = YES;
				CLANG_WARN_INFINITE_RECURSION = YES;
				CLANG_WARN_INT_CONVERSION = YES;
				CLANG_WARN_NON_LITERAL_NULL_CONVERSION = YES;
				CLANG_WARN_OBJC_IMPLICIT_RETAIN_SELF = YES;
				CLANG_WARN_OBJC_LITERAL_CONVERSION = YES;
				CLANG_WARN_OBJC_ROOT_CLASS = YES_ERROR;
				CLANG_WARN_RANGE_LOOP_ANALYSIS = YES;
				CLANG_WARN_STRICT_PROTOTYPES = YES;
				CLANG_WARN_SUSPICIOUS_MOVE = YES;
				CLANG_WARN_UNGUARDED_AVAILABILITY = YES_AGGRESSIVE;
				CLANG_WARN_UNREACHABLE_CODE = YES;
				CLANG_WARN__DUPLICATE_METHOD_MATCH = YES;
				CODE_SIGN_IDENTITY = "iPhone Developer";
				COPY_PHASE_STRIP = NO;
				DEBUG_INFORMATION_FORMAT = "dwarf-with-dsym";
				ENABLE_NS_ASSERTIONS = NO;
				ENABLE_STRICT_OBJC_MSGSEND = YES;
				GCC_C_LANGUAGE_STANDARD = gnu11;
				GCC_NO_COMMON_BLOCKS = YES;
				GCC_WARN_64_TO_32_BIT_CONVERSION = YES;
				GCC_WARN_ABOUT_RETURN_TYPE = YES_ERROR;
				GCC_WARN_UNDECLARED_SELECTOR = YES;
				GCC_WARN_UNINITIALIZED_AUTOS = YES_AGGRESSIVE;
				GCC_WARN_UNUSED_FUNCTION = YES;
				GCC_WARN_UNUSED_VARIABLE = YES;
				IPHONEOS_DEPLOYMENT_TARGET = 11.4;
				MTL_ENABLE_DEBUG_INFO = NO;
				SDKROOT = iphoneos;
				SWIFT_COMPILATION_MODE = wholemodule;
				SWIFT_OPTIMIZATION_LEVEL = "-O";
				VALIDATE_PRODUCT = YES;
			};
			name = Release;
		};
		A1B7DFD5211B1EB1000ABDFB /* Debug */ = {
			isa = XCBuildConfiguration;
			buildSettings = {
				ASSETCATALOG_COMPILER_APPICON_NAME = AppIcon;
				CODE_SIGN_STYLE = Automatic;
				DEVELOPMENT_TEAM = 83NFHDY43B;
				INFOPLIST_FILE = CampeosDaCopa/Info.plist;
				LD_RUNPATH_SEARCH_PATHS = (
					"$(inherited)",
					"@executable_path/Frameworks",
				);
				PRODUCT_BUNDLE_IDENTIFIER = br.com.edwylugo.CampeosDaCopa;
				PRODUCT_NAME = "$(TARGET_NAME)";
				SWIFT_VERSION = 4.0;
				TARGETED_DEVICE_FAMILY = 1;
			};
			name = Debug;
		};
		A1B7DFD6211B1EB1000ABDFB /* Release */ = {
			isa = XCBuildConfiguration;
			buildSettings = {
				ASSETCATALOG_COMPILER_APPICON_NAME = AppIcon;
				CODE_SIGN_STYLE = Automatic;
				DEVELOPMENT_TEAM = 83NFHDY43B;
				INFOPLIST_FILE = CampeosDaCopa/Info.plist;
				LD_RUNPATH_SEARCH_PATHS = (
					"$(inherited)",
					"@executable_path/Frameworks",
				);
				PRODUCT_BUNDLE_IDENTIFIER = br.com.edwylugo.CampeosDaCopa;
				PRODUCT_NAME = "$(TARGET_NAME)";
				SWIFT_VERSION = 4.0;
				TARGETED_DEVICE_FAMILY = 1;
			};
			name = Release;
		};
/* End XCBuildConfiguration section */

/* Begin XCConfigurationList section */
		A1B7DFBD211B1EB0000ABDFB /* Build configuration list for PBXProject "CampeosDaCopa" */ = {
			isa = XCConfigurationList;
			buildConfigurations = (
				A1B7DFD2211B1EB1000ABDFB /* Debug */,
				A1B7DFD3211B1EB1000ABDFB /* Release */,
			);
			defaultConfigurationIsVisible = 0;
			defaultConfigurationName = Release;
		};
		A1B7DFD4211B1EB1000ABDFB /* Build configuration list for PBXNativeTarget "CampeosDaCopa" */ = {
			isa = XCConfigurationList;
			buildConfigurations = (
				A1B7DFD5211B1EB1000ABDFB /* Debug */,
				A1B7DFD6211B1EB1000ABDFB /* Release */,
			);
			defaultConfigurationIsVisible = 0;
			defaultConfigurationName = Release;
		};
/* End XCConfigurationList section */
	};
	rootObject = A1B7DFBA211B1EB0000ABDFB /* Project object */;
}
